// !$*UTF8*$!
{
	archiveVersion = 1;
	classes = {
	};
	objectVersion = 46;
	objects = {

/* Begin PBXBuildFile section */
		757668D119D02F8E0063B3FB /* main.cpp in Sources */ = {isa = PBXBuildFile; fileRef = 757668D019D02F8E0063B3FB /* main.cpp */; };
		757668D919D033A30063B3FB /* Server.cpp in Sources */ = {isa = PBXBuildFile; fileRef = 757668D719D033A30063B3FB /* Server.cpp */; };
		757668DC19D045050063B3FB /* Worker.cpp in Sources */ = {isa = PBXBuildFile; fileRef = 757668DA19D045050063B3FB /* Worker.cpp */; };
		758873EC19D2E25F00C93FA4 /* ClientsQueue.cpp in Sources */ = {isa = PBXBuildFile; fileRef = 758873EA19D2E25F00C93FA4 /* ClientsQueue.cpp */; };
		75936FD419DDFB4200B25FC9 /* File.cpp in Sources */ = {isa = PBXBuildFile; fileRef = 75936FD219DDFB4200B25FC9 /* File.cpp */; };
		75992B8519D56C5F004FCE8A /* Request.cpp in Sources */ = {isa = PBXBuildFile; fileRef = 75992B8319D56C5F004FCE8A /* Request.cpp */; };
		75992B8819D56CF1004FCE8A /* Response.cpp in Sources */ = {isa = PBXBuildFile; fileRef = 75992B8619D56CF1004FCE8A /* Response.cpp */; };
		75992B8B19D56E35004FCE8A /* FileSystem.cpp in Sources */ = {isa = PBXBuildFile; fileRef = 75992B8919D56E35004FCE8A /* FileSystem.cpp */; };
		75992B8E19D56F87004FCE8A /* UrlParser.cpp in Sources */ = {isa = PBXBuildFile; fileRef = 75992B8C19D56F87004FCE8A /* UrlParser.cpp */; };
/* End PBXBuildFile section */

/* Begin PBXCopyFilesBuildPhase section */
		757668CB19D02F8E0063B3FB /* CopyFiles */ = {
			isa = PBXCopyFilesBuildPhase;
			buildActionMask = 2147483647;
			dstPath = /usr/share/man/man1/;
			dstSubfolderSpec = 0;
			files = (
			);
			runOnlyForDeploymentPostprocessing = 1;
		};
/* End PBXCopyFilesBuildPhase section */

/* Begin PBXFileReference section */
		757668CD19D02F8E0063B3FB /* Server */ = {isa = PBXFileReference; explicitFileType = "compiled.mach-o.executable"; includeInIndex = 0; path = Server; sourceTree = BUILT_PRODUCTS_DIR; };
		757668D019D02F8E0063B3FB /* main.cpp */ = {isa = PBXFileReference; lastKnownFileType = sourcecode.cpp.cpp; path = main.cpp; sourceTree = "<group>"; };
		757668D719D033A30063B3FB /* Server.cpp */ = {isa = PBXFileReference; fileEncoding = 4; lastKnownFileType = sourcecode.cpp.cpp; path = Server.cpp; sourceTree = "<group>"; };
		757668D819D033A30063B3FB /* Server.h */ = {isa = PBXFileReference; fileEncoding = 4; lastKnownFileType = sourcecode.c.h; path = Server.h; sourceTree = "<group>"; };
		757668DA19D045050063B3FB /* Worker.cpp */ = {isa = PBXFileReference; fileEncoding = 4; lastKnownFileType = sourcecode.cpp.cpp; path = Worker.cpp; sourceTree = "<group>"; };
		757668DB19D045050063B3FB /* Worker.h */ = {isa = PBXFileReference; fileEncoding = 4; lastKnownFileType = sourcecode.c.h; path = Worker.h; sourceTree = "<group>"; };
		758873EA19D2E25F00C93FA4 /* ClientsQueue.cpp */ = {isa = PBXFileReference; fileEncoding = 4; lastKnownFileType = sourcecode.cpp.cpp; path = ClientsQueue.cpp; sourceTree = "<group>"; };
		758873EB19D2E25F00C93FA4 /* ClientsQueue.h */ = {isa = PBXFileReference; fileEncoding = 4; lastKnownFileType = sourcecode.c.h; path = ClientsQueue.h; sourceTree = "<group>"; };
		75936FD219DDFB4200B25FC9 /* File.cpp */ = {isa = PBXFileReference; fileEncoding = 4; lastKnownFileType = sourcecode.cpp.cpp; path = File.cpp; sourceTree = "<group>"; };
		75936FD319DDFB4200B25FC9 /* File.h */ = {isa = PBXFileReference; fileEncoding = 4; lastKnownFileType = sourcecode.c.h; path = File.h; sourceTree = "<group>"; };
		75992B8319D56C5F004FCE8A /* Request.cpp */ = {isa = PBXFileReference; fileEncoding = 4; lastKnownFileType = sourcecode.cpp.cpp; path = Request.cpp; sourceTree = "<group>"; };
		75992B8419D56C5F004FCE8A /* Request.h */ = {isa = PBXFileReference; fileEncoding = 4; lastKnownFileType = sourcecode.c.h; path = Request.h; sourceTree = "<group>"; };
		75992B8619D56CF1004FCE8A /* Response.cpp */ = {isa = PBXFileReference; fileEncoding = 4; lastKnownFileType = sourcecode.cpp.cpp; path = Response.cpp; sourceTree = "<group>"; };
		75992B8719D56CF1004FCE8A /* Response.h */ = {isa = PBXFileReference; fileEncoding = 4; lastKnownFileType = sourcecode.c.h; path = Response.h; sourceTree = "<group>"; };
		75992B8919D56E35004FCE8A /* FileSystem.cpp */ = {isa = PBXFileReference; fileEncoding = 4; lastKnownFileType = sourcecode.cpp.cpp; path = FileSystem.cpp; sourceTree = "<group>"; };
		75992B8A19D56E35004FCE8A /* FileSystem.h */ = {isa = PBXFileReference; fileEncoding = 4; lastKnownFileType = sourcecode.c.h; path = FileSystem.h; sourceTree = "<group>"; };
		75992B8C19D56F87004FCE8A /* UrlParser.cpp */ = {isa = PBXFileReference; fileEncoding = 4; lastKnownFileType = sourcecode.cpp.cpp; path = UrlParser.cpp; sourceTree = "<group>"; };
		75992B8D19D56F87004FCE8A /* UrlParser.h */ = {isa = PBXFileReference; fileEncoding = 4; lastKnownFileType = sourcecode.c.h; path = UrlParser.h; sourceTree = "<group>"; };
/* End PBXFileReference section */

/* Begin PBXFrameworksBuildPhase section */
		757668CA19D02F8E0063B3FB /* Frameworks */ = {
			isa = PBXFrameworksBuildPhase;
			buildActionMask = 2147483647;
			files = (
			);
			runOnlyForDeploymentPostprocessing = 0;
		};
/* End PBXFrameworksBuildPhase section */

/* Begin PBXGroup section */
		757668C419D02F8E0063B3FB = {
			isa = PBXGroup;
			children = (
				757668CF19D02F8E0063B3FB /* Server */,
				757668CE19D02F8E0063B3FB /* Products */,
			);
			sourceTree = "<group>";
		};
		757668CE19D02F8E0063B3FB /* Products */ = {
			isa = PBXGroup;
			children = (
				757668CD19D02F8E0063B3FB /* Server */,
			);
			name = Products;
			sourceTree = "<group>";
		};
		757668CF19D02F8E0063B3FB /* Server */ = {
			isa = PBXGroup;
			children = (
				757668D719D033A30063B3FB /* Server.cpp */,
				757668D819D033A30063B3FB /* Server.h */,
				757668D019D02F8E0063B3FB /* main.cpp */,
				757668DA19D045050063B3FB /* Worker.cpp */,
				757668DB19D045050063B3FB /* Worker.h */,
				758873EA19D2E25F00C93FA4 /* ClientsQueue.cpp */,
				758873EB19D2E25F00C93FA4 /* ClientsQueue.h */,
				75992B8319D56C5F004FCE8A /* Request.cpp */,
				75992B8419D56C5F004FCE8A /* Request.h */,
				75992B8619D56CF1004FCE8A /* Response.cpp */,
				75992B8719D56CF1004FCE8A /* Response.h */,
				75992B8919D56E35004FCE8A /* FileSystem.cpp */,
				75992B8A19D56E35004FCE8A /* FileSystem.h */,
				75992B8C19D56F87004FCE8A /* UrlParser.cpp */,
				75992B8D19D56F87004FCE8A /* UrlParser.h */,
				75936FD219DDFB4200B25FC9 /* File.cpp */,
				75936FD319DDFB4200B25FC9 /* File.h */,
			);
			path = Server;
			sourceTree = "<group>";
		};
/* End PBXGroup section */

/* Begin PBXNativeTarget section */
		757668CC19D02F8E0063B3FB /* Server */ = {
			isa = PBXNativeTarget;
			buildConfigurationList = 757668D419D02F8E0063B3FB /* Build configuration list for PBXNativeTarget "Server" */;
			buildPhases = (
				757668C919D02F8E0063B3FB /* Sources */,
				757668CA19D02F8E0063B3FB /* Frameworks */,
				757668CB19D02F8E0063B3FB /* CopyFiles */,
			);
			buildRules = (
			);
			dependencies = (
			);
			name = Server;
			productName = Server;
			productReference = 757668CD19D02F8E0063B3FB /* Server */;
			productType = "com.apple.product-type.tool";
		};
/* End PBXNativeTarget section */

/* Begin PBXProject section */
		757668C519D02F8E0063B3FB /* Project object */ = {
			isa = PBXProject;
			attributes = {
				LastUpgradeCheck = 0600;
				ORGANIZATIONNAME = "Артур";
				TargetAttributes = {
					757668CC19D02F8E0063B3FB = {
						CreatedOnToolsVersion = 6.0.1;
					};
				};
			};
			buildConfigurationList = 757668C819D02F8E0063B3FB /* Build configuration list for PBXProject "Server" */;
			compatibilityVersion = "Xcode 3.2";
			developmentRegion = English;
			hasScannedForEncodings = 0;
			knownRegions = (
				en,
			);
			mainGroup = 757668C419D02F8E0063B3FB;
			productRefGroup = 757668CE19D02F8E0063B3FB /* Products */;
			projectDirPath = "";
			projectRoot = "";
			targets = (
				757668CC19D02F8E0063B3FB /* Server */,
			);
		};
/* End PBXProject section */

/* Begin PBXSourcesBuildPhase section */
		757668C919D02F8E0063B3FB /* Sources */ = {
			isa = PBXSourcesBuildPhase;
			buildActionMask = 2147483647;
			files = (
				75936FD419DDFB4200B25FC9 /* File.cpp in Sources */,
				758873EC19D2E25F00C93FA4 /* ClientsQueue.cpp in Sources */,
				75992B8519D56C5F004FCE8A /* Request.cpp in Sources */,
				75992B8E19D56F87004FCE8A /* UrlParser.cpp in Sources */,
				75992B8819D56CF1004FCE8A /* Response.cpp in Sources */,
				75992B8B19D56E35004FCE8A /* FileSystem.cpp in Sources */,
				757668D919D033A30063B3FB /* Server.cpp in Sources */,
				757668D119D02F8E0063B3FB /* main.cpp in Sources */,
				757668DC19D045050063B3FB /* Worker.cpp in Sources */,
			);
			runOnlyForDeploymentPostprocessing = 0;
		};
/* End PBXSourcesBuildPhase section */

/* Begin XCBuildConfiguration section */
		757668D219D02F8E0063B3FB /* Debug */ = {
			isa = XCBuildConfiguration;
			buildSettings = {
				ALWAYS_SEARCH_USER_PATHS = NO;
				CLANG_CXX_LANGUAGE_STANDARD = "gnu++0x";
				CLANG_CXX_LIBRARY = "libc++";
				CLANG_ENABLE_MODULES = YES;
				CLANG_ENABLE_OBJC_ARC = YES;
				CLANG_WARN_BOOL_CONVERSION = YES;
				CLANG_WARN_CONSTANT_CONVERSION = YES;
				CLANG_WARN_DIRECT_OBJC_ISA_USAGE = YES_ERROR;
				CLANG_WARN_EMPTY_BODY = YES;
				CLANG_WARN_ENUM_CONVERSION = YES;
				CLANG_WARN_INT_CONVERSION = YES;
				CLANG_WARN_OBJC_ROOT_CLASS = YES_ERROR;
				CLANG_WARN_UNREACHABLE_CODE = YES;
				CLANG_WARN__DUPLICATE_METHOD_MATCH = YES;
				COPY_PHASE_STRIP = NO;
				ENABLE_STRICT_OBJC_MSGSEND = YES;
				GCC_C_LANGUAGE_STANDARD = gnu99;
				GCC_DYNAMIC_NO_PIC = NO;
				GCC_OPTIMIZATION_LEVEL = 0;
				GCC_PREPROCESSOR_DEFINITIONS = (
					"DEBUG=1",
					"$(inherited)",
				);
				GCC_SYMBOLS_PRIVATE_EXTERN = NO;
				GCC_WARN_64_TO_32_BIT_CONVERSION = YES;
				GCC_WARN_ABOUT_RETURN_TYPE = YES_ERROR;
				GCC_WARN_UNDECLARED_SELECTOR = YES;
				GCC_WARN_UNINITIALIZED_AUTOS = YES_AGGRESSIVE;
				GCC_WARN_UNUSED_FUNCTION = YES;
				GCC_WARN_UNUSED_VARIABLE = YES;
				MACOSX_DEPLOYMENT_TARGET = 10.9;
				MTL_ENABLE_DEBUG_INFO = YES;
				ONLY_ACTIVE_ARCH = YES;
				SDKROOT = macosx;
			};
			name = Debug;
		};
		757668D319D02F8E0063B3FB /* Release */ = {
			isa = XCBuildConfiguration;
			buildSettings = {
				ALWAYS_SEARCH_USER_PATHS = NO;
				CLANG_CXX_LANGUAGE_STANDARD = "gnu++0x";
				CLANG_CXX_LIBRARY = "libc++";
				CLANG_ENABLE_MODULES = YES;
				CLANG_ENABLE_OBJC_ARC = YES;
				CLANG_WARN_BOOL_CONVERSION = YES;
				CLANG_WARN_CONSTANT_CONVERSION = YES;
				CLANG_WARN_DIRECT_OBJC_ISA_USAGE = YES_ERROR;
				CLANG_WARN_EMPTY_BODY = YES;
				CLANG_WARN_ENUM_CONVERSION = YES;
				CLANG_WARN_INT_CONVERSION = YES;
				CLANG_WARN_OBJC_ROOT_CLASS = YES_ERROR;
				CLANG_WARN_UNREACHABLE_CODE = YES;
				CLANG_WARN__DUPLICATE_METHOD_MATCH = YES;
				COPY_PHASE_STRIP = YES;
				DEBUG_INFORMATION_FORMAT = "dwarf-with-dsym";
				ENABLE_NS_ASSERTIONS = NO;
				ENABLE_STRICT_OBJC_MSGSEND = YES;
				GCC_C_LANGUAGE_STANDARD = gnu99;
				GCC_WARN_64_TO_32_BIT_CONVERSION = YES;
				GCC_WARN_ABOUT_RETURN_TYPE = YES_ERROR;
				GCC_WARN_UNDECLARED_SELECTOR = YES;
				GCC_WARN_UNINITIALIZED_AUTOS = YES_AGGRESSIVE;
				GCC_WARN_UNUSED_FUNCTION = YES;
				GCC_WARN_UNUSED_VARIABLE = YES;
				MACOSX_DEPLOYMENT_TARGET = 10.9;
				MTL_ENABLE_DEBUG_INFO = NO;
				SDKROOT = macosx;
			};
			name = Release;
		};
		757668D519D02F8E0063B3FB /* Debug */ = {
			isa = XCBuildConfiguration;
			buildSettings = {
				PRODUCT_NAME = "$(TARGET_NAME)";
			};
			name = Debug;
		};
		757668D619D02F8E0063B3FB /* Release */ = {
			isa = XCBuildConfiguration;
			buildSettings = {
				PRODUCT_NAME = "$(TARGET_NAME)";
			};
			name = Release;
		};
/* End XCBuildConfiguration section */

/* Begin XCConfigurationList section */
		757668C819D02F8E0063B3FB /* Build configuration list for PBXProject "Server" */ = {
			isa = XCConfigurationList;
			buildConfigurations = (
				757668D219D02F8E0063B3FB /* Debug */,
				757668D319D02F8E0063B3FB /* Release */,
			);
			defaultConfigurationIsVisible = 0;
			defaultConfigurationName = Release;
		};
		757668D419D02F8E0063B3FB /* Build configuration list for PBXNativeTarget "Server" */ = {
			isa = XCConfigurationList;
			buildConfigurations = (
				757668D519D02F8E0063B3FB /* Debug */,
				757668D619D02F8E0063B3FB /* Release */,
			);
			defaultConfigurationIsVisible = 0;
			defaultConfigurationName = Release;
		};
/* End XCConfigurationList section */
	};
	rootObject = 757668C519D02F8E0063B3FB /* Project object */;
}
